// !$*UTF8*$!
{
	archiveVersion = 1;
	classes = {
	};
	objectVersion = 77;
	objects = {

/* Begin PBXBuildFile section */
		7A89B2262DD89B36006B0241 /* SwiftUICharts in Frameworks */ = {isa = PBXBuildFile; productRef = 7A89B2252DD89B36006B0241 /* SwiftUICharts */; };
		7AC0EB582DDCF3F60093331D /* FirebaseMessaging in Frameworks */ = {isa = PBXBuildFile; productRef = 7AC0EB572DDCF3F60093331D /* FirebaseMessaging */; };
		7ADF152A2DDB1E4A002ED00A /* AIAEC in Frameworks */ = {isa = PBXBuildFile; productRef = 7ADF15292DDB1E4A002ED00A /* AIAEC */; };
		7ADF152C2DDB1E4A002ED00A /* AIAECLL in Frameworks */ = {isa = PBXBuildFile; productRef = 7ADF152B2DDB1E4A002ED00A /* AIAECLL */; };
		7ADF152E2DDB1E4A002ED00A /* AINS in Frameworks */ = {isa = PBXBuildFile; productRef = 7ADF152D2DDB1E4A002ED00A /* AINS */; };
		7ADF15302DDB1E4A002ED00A /* AINSLL in Frameworks */ = {isa = PBXBuildFile; productRef = 7ADF152F2DDB1E4A002ED00A /* AINSLL */; };
		7ADF15322DDB1E4A002ED00A /* AudioBeauty in Frameworks */ = {isa = PBXBuildFile; productRef = 7ADF15312DDB1E4A002ED00A /* AudioBeauty */; };
		7ADF15342DDB1E4A002ED00A /* ClearVision in Frameworks */ = {isa = PBXBuildFile; productRef = 7ADF15332DDB1E4A002ED00A /* ClearVision */; };
		7ADF15362DDB1E4A002ED00A /* ContentInspect in Frameworks */ = {isa = PBXBuildFile; productRef = 7ADF15352DDB1E4A002ED00A /* ContentInspect */; };
		7ADF15382DDB1E4A002ED00A /* FaceCapture in Frameworks */ = {isa = PBXBuildFile; productRef = 7ADF15372DDB1E4A002ED00A /* FaceCapture */; };
		7ADF153A2DDB1E4A002ED00A /* FaceDetection in Frameworks */ = {isa = PBXBuildFile; productRef = 7ADF15392DDB1E4A002ED00A /* FaceDetection */; };
		7ADF153C2DDB1E4A002ED00A /* LipSync in Frameworks */ = {isa = PBXBuildFile; productRef = 7ADF153B2DDB1E4A002ED00A /* LipSync */; };
		7ADF153E2DDB1E4A002ED00A /* ReplayKit in Frameworks */ = {isa = PBXBuildFile; productRef = 7ADF153D2DDB1E4A002ED00A /* ReplayKit */; };
		7ADF15402DDB1E4A002ED00A /* RtcBasic in Frameworks */ = {isa = PBXBuildFile; productRef = 7ADF153F2DDB1E4A002ED00A /* RtcBasic */; };
		7ADF15422DDB1E4A002ED00A /* SpatialAudio in Frameworks */ = {isa = PBXBuildFile; productRef = 7ADF15412DDB1E4A002ED00A /* SpatialAudio */; };
		7ADF15442DDB1E4A002ED00A /* VQA in Frameworks */ = {isa = PBXBuildFile; productRef = 7ADF15432DDB1E4A002ED00A /* VQA */; };
		7ADF15462DDB1E4A002ED00A /* VideoAv1CodecDec in Frameworks */ = {isa = PBXBuildFile; productRef = 7ADF15452DDB1E4A002ED00A /* VideoAv1CodecDec */; };
		7ADF15482DDB1E4A002ED00A /* VideoAv1CodecEnc in Frameworks */ = {isa = PBXBuildFile; productRef = 7ADF15472DDB1E4A002ED00A /* VideoAv1CodecEnc */; };
		7ADF154A2DDB1E4A002ED00A /* VideoCodecDec in Frameworks */ = {isa = PBXBuildFile; productRef = 7ADF15492DDB1E4A002ED00A /* VideoCodecDec */; };
		7ADF154C2DDB1E4A002ED00A /* VideoCodecEnc in Frameworks */ = {isa = PBXBuildFile; productRef = 7ADF154B2DDB1E4A002ED00A /* VideoCodecEnc */; };
		7ADF154E2DDB1E4A002ED00A /* VirtualBackground in Frameworks */ = {isa = PBXBuildFile; productRef = 7ADF154D2DDB1E4A002ED00A /* VirtualBackground */; };
		7ADF15562DDBD2CF002ED00A /* FirebaseVertexAI in Frameworks */ = {isa = PBXBuildFile; productRef = 7ADF15552DDBD2CF002ED00A /* FirebaseVertexAI */; };
		7AE116CD2DD80CCE00BED0F7 /* FirebaseAuth in Frameworks */ = {isa = PBXBuildFile; productRef = 7AE116CC2DD80CCE00BED0F7 /* FirebaseAuth */; };
		7AE116CF2DD80CCE00BED0F7 /* FirebaseCore in Frameworks */ = {isa = PBXBuildFile; productRef = 7AE116CE2DD80CCE00BED0F7 /* FirebaseCore */; };
		7AE116D12DD80CCE00BED0F7 /* FirebaseDatabase in Frameworks */ = {isa = PBXBuildFile; productRef = 7AE116D02DD80CCE00BED0F7 /* FirebaseDatabase */; };
		7AE116D32DD80CCE00BED0F7 /* FirebaseFirestore in Frameworks */ = {isa = PBXBuildFile; productRef = 7AE116D22DD80CCE00BED0F7 /* FirebaseFirestore */; };
		7AE116D52DD80CCE00BED0F7 /* FirebaseFunctions in Frameworks */ = {isa = PBXBuildFile; productRef = 7AE116D42DD80CCE00BED0F7 /* FirebaseFunctions */; };
		7AE116D72DD80CCE00BED0F7 /* FirebaseRemoteConfig in Frameworks */ = {isa = PBXBuildFile; productRef = 7AE116D62DD80CCE00BED0F7 /* FirebaseRemoteConfig */; };
		7AE116D92DD80CCE00BED0F7 /* FirebaseStorage in Frameworks */ = {isa = PBXBuildFile; productRef = 7AE116D82DD80CCE00BED0F7 /* FirebaseStorage */; };
/* End PBXBuildFile section */

/* Begin PBXFileReference section */
		7AE116B92DD8053E00BED0F7 /* HealMe-Telemedicine-App.app */ = {isa = PBXFileReference; explicitFileType = wrapper.application; includeInIndex = 0; path = "HealMe-Telemedicine-App.app"; sourceTree = BUILT_PRODUCTS_DIR; };
/* End PBXFileReference section */

/* Begin PBXFileSystemSynchronizedBuildFileExceptionSet section */
		7A8BA1752DDA3AF50077C7B8 /* Exceptions for "HealMe-Telemedicine-App" folder in "HealMe-Telemedicine-App" target */ = {
			isa = PBXFileSystemSynchronizedBuildFileExceptionSet;
			membershipExceptions = (
				Info.plist,
			);
			target = 7AE116B82DD8053E00BED0F7 /* HealMe-Telemedicine-App */;
		};
/* End PBXFileSystemSynchronizedBuildFileExceptionSet section */

/* Begin PBXFileSystemSynchronizedRootGroup section */
		7AE116BB2DD8053E00BED0F7 /* HealMe-Telemedicine-App */ = {
			isa = PBXFileSystemSynchronizedRootGroup;
			exceptions = (
				7A8BA1752DDA3AF50077C7B8 /* Exceptions for "HealMe-Telemedicine-App" folder in "HealMe-Telemedicine-App" target */,
			);
			path = "HealMe-Telemedicine-App";
			sourceTree = "<group>";
		};
/* End PBXFileSystemSynchronizedRootGroup section */

/* Begin PBXFrameworksBuildPhase section */
		7AE116B62DD8053E00BED0F7 /* Frameworks */ = {
			isa = PBXFrameworksBuildPhase;
			buildActionMask = 2147483647;
			files = (
				7ADF153A2DDB1E4A002ED00A /* FaceDetection in Frameworks */,
				7AE116D12DD80CCE00BED0F7 /* FirebaseDatabase in Frameworks */,
				7AE116D32DD80CCE00BED0F7 /* FirebaseFirestore in Frameworks */,
				7ADF15322DDB1E4A002ED00A /* AudioBeauty in Frameworks */,
				7AE116D52DD80CCE00BED0F7 /* FirebaseFunctions in Frameworks */,
				7AE116D72DD80CCE00BED0F7 /* FirebaseRemoteConfig in Frameworks */,
				7ADF15422DDB1E4A002ED00A /* SpatialAudio in Frameworks */,
				7AE116D92DD80CCE00BED0F7 /* FirebaseStorage in Frameworks */,
				7ADF15302DDB1E4A002ED00A /* AINSLL in Frameworks */,
				7ADF152E2DDB1E4A002ED00A /* AINS in Frameworks */,
				7A89B2262DD89B36006B0241 /* SwiftUICharts in Frameworks */,
				7ADF152C2DDB1E4A002ED00A /* AIAECLL in Frameworks */,
				7ADF152A2DDB1E4A002ED00A /* AIAEC in Frameworks */,
				7ADF15442DDB1E4A002ED00A /* VQA in Frameworks */,
				7ADF154C2DDB1E4A002ED00A /* VideoCodecEnc in Frameworks */,
				7ADF15462DDB1E4A002ED00A /* VideoAv1CodecDec in Frameworks */,
				7ADF15362DDB1E4A002ED00A /* ContentInspect in Frameworks */,
				7AE116CF2DD80CCE00BED0F7 /* FirebaseCore in Frameworks */,
				7ADF15342DDB1E4A002ED00A /* ClearVision in Frameworks */,
				7ADF153E2DDB1E4A002ED00A /* ReplayKit in Frameworks */,
				7ADF15482DDB1E4A002ED00A /* VideoAv1CodecEnc in Frameworks */,
				7ADF153C2DDB1E4A002ED00A /* LipSync in Frameworks */,
				7ADF154A2DDB1E4A002ED00A /* VideoCodecDec in Frameworks */,
				7ADF15382DDB1E4A002ED00A /* FaceCapture in Frameworks */,
				7AE116CD2DD80CCE00BED0F7 /* FirebaseAuth in Frameworks */,
				7ADF15562DDBD2CF002ED00A /* FirebaseVertexAI in Frameworks */,
				7AC0EB582DDCF3F60093331D /* FirebaseMessaging in Frameworks */,
				7ADF15402DDB1E4A002ED00A /* RtcBasic in Frameworks */,
				7ADF154E2DDB1E4A002ED00A /* VirtualBackground in Frameworks */,
			);
			runOnlyForDeploymentPostprocessing = 0;
		};
/* End PBXFrameworksBuildPhase section */

/* Begin PBXGroup section */
		7ADF15542DDBD2CF002ED00A /* Frameworks */ = {
			isa = PBXGroup;
			children = (
			);
			name = Frameworks;
			sourceTree = "<group>";
		};
		7AE116B02DD8053E00BED0F7 = {
			isa = PBXGroup;
			children = (
				7AE116BB2DD8053E00BED0F7 /* HealMe-Telemedicine-App */,
				7ADF15542DDBD2CF002ED00A /* Frameworks */,
				7AE116BA2DD8053E00BED0F7 /* Products */,
			);
			sourceTree = "<group>";
		};
		7AE116BA2DD8053E00BED0F7 /* Products */ = {
			isa = PBXGroup;
			children = (
				7AE116B92DD8053E00BED0F7 /* HealMe-Telemedicine-App.app */,
			);
			name = Products;
			sourceTree = "<group>";
		};
/* End PBXGroup section */

/* Begin PBXNativeTarget section */
		7AE116B82DD8053E00BED0F7 /* HealMe-Telemedicine-App */ = {
			isa = PBXNativeTarget;
			buildConfigurationList = 7AE116C42DD8054100BED0F7 /* Build configuration list for PBXNativeTarget "HealMe-Telemedicine-App" */;
			buildPhases = (
				7AE116B52DD8053E00BED0F7 /* Sources */,
				7AE116B62DD8053E00BED0F7 /* Frameworks */,
				7AE116B72DD8053E00BED0F7 /* Resources */,
			);
			buildRules = (
			);
			dependencies = (
			);
			fileSystemSynchronizedGroups = (
				7AE116BB2DD8053E00BED0F7 /* HealMe-Telemedicine-App */,
			);
			name = "HealMe-Telemedicine-App";
			packageProductDependencies = (
				7AE116CC2DD80CCE00BED0F7 /* FirebaseAuth */,
				7AE116CE2DD80CCE00BED0F7 /* FirebaseCore */,
				7AE116D02DD80CCE00BED0F7 /* FirebaseDatabase */,
				7AE116D22DD80CCE00BED0F7 /* FirebaseFirestore */,
				7AE116D42DD80CCE00BED0F7 /* FirebaseFunctions */,
				7AE116D62DD80CCE00BED0F7 /* FirebaseRemoteConfig */,
				7AE116D82DD80CCE00BED0F7 /* FirebaseStorage */,
				7A89B2252DD89B36006B0241 /* SwiftUICharts */,
				7ADF15292DDB1E4A002ED00A /* AIAEC */,
				7ADF152B2DDB1E4A002ED00A /* AIAECLL */,
				7ADF152D2DDB1E4A002ED00A /* AINS */,
				7ADF152F2DDB1E4A002ED00A /* AINSLL */,
				7ADF15312DDB1E4A002ED00A /* AudioBeauty */,
				7ADF15332DDB1E4A002ED00A /* ClearVision */,
				7ADF15352DDB1E4A002ED00A /* ContentInspect */,
				7ADF15372DDB1E4A002ED00A /* FaceCapture */,
				7ADF15392DDB1E4A002ED00A /* FaceDetection */,
				7ADF153B2DDB1E4A002ED00A /* LipSync */,
				7ADF153D2DDB1E4A002ED00A /* ReplayKit */,
				7ADF153F2DDB1E4A002ED00A /* RtcBasic */,
				7ADF15412DDB1E4A002ED00A /* SpatialAudio */,
				7ADF15432DDB1E4A002ED00A /* VQA */,
				7ADF15452DDB1E4A002ED00A /* VideoAv1CodecDec */,
				7ADF15472DDB1E4A002ED00A /* VideoAv1CodecEnc */,
				7ADF15492DDB1E4A002ED00A /* VideoCodecDec */,
				7ADF154B2DDB1E4A002ED00A /* VideoCodecEnc */,
				7ADF154D2DDB1E4A002ED00A /* VirtualBackground */,
				7ADF15552DDBD2CF002ED00A /* FirebaseVertexAI */,
				7AC0EB572DDCF3F60093331D /* FirebaseMessaging */,
			);
			productName = "HealMe-Telemedicine-App";
			productReference = 7AE116B92DD8053E00BED0F7 /* HealMe-Telemedicine-App.app */;
			productType = "com.apple.product-type.application";
		};
/* End PBXNativeTarget section */

/* Begin PBXProject section */
		7AE116B12DD8053E00BED0F7 /* Project object */ = {
			isa = PBXProject;
			attributes = {
				BuildIndependentTargetsInParallel = 1;
				LastSwiftUpdateCheck = 1630;
				LastUpgradeCheck = 1630;
				TargetAttributes = {
					7AE116B82DD8053E00BED0F7 = {
						CreatedOnToolsVersion = 16.3;
					};
				};
			};
			buildConfigurationList = 7AE116B42DD8053E00BED0F7 /* Build configuration list for PBXProject "HealMe-Telemedicine-App" */;
			developmentRegion = en;
			hasScannedForEncodings = 0;
			knownRegions = (
				en,
				Base,
			);
			mainGroup = 7AE116B02DD8053E00BED0F7;
			minimizedProjectReferenceProxies = 1;
			packageReferences = (
				7AE116CB2DD80AA400BED0F7 /* XCRemoteSwiftPackageReference "firebase-ios-sdk" */,
				7A89B2242DD89B36006B0241 /* XCRemoteSwiftPackageReference "ChartView" */,
				7ADF15282DDB1E4A002ED00A /* XCRemoteSwiftPackageReference "AgoraRtcEngine_iOS" */,
			);
			preferredProjectObjectVersion = 77;
			productRefGroup = 7AE116BA2DD8053E00BED0F7 /* Products */;
			projectDirPath = "";
			projectRoot = "";
			targets = (
				7AE116B82DD8053E00BED0F7 /* HealMe-Telemedicine-App */,
			);
		};
/* End PBXProject section */

/* Begin PBXResourcesBuildPhase section */
		7AE116B72DD8053E00BED0F7 /* Resources */ = {
			isa = PBXResourcesBuildPhase;
			buildActionMask = 2147483647;
			files = (
			);
			runOnlyForDeploymentPostprocessing = 0;
		};
/* End PBXResourcesBuildPhase section */

/* Begin PBXSourcesBuildPhase section */
		7AE116B52DD8053E00BED0F7 /* Sources */ = {
			isa = PBXSourcesBuildPhase;
			buildActionMask = 2147483647;
			files = (
			);
			runOnlyForDeploymentPostprocessing = 0;
		};
/* End PBXSourcesBuildPhase section */

/* Begin XCBuildConfiguration section */
		7AE116C22DD8054100BED0F7 /* Debug */ = {
			isa = XCBuildConfiguration;
			buildSettings = {
				ALWAYS_SEARCH_USER_PATHS = NO;
				ASSETCATALOG_COMPILER_GENERATE_SWIFT_ASSET_SYMBOL_EXTENSIONS = YES;
				CLANG_ANALYZER_NONNULL = YES;
				CLANG_ANALYZER_NUMBER_OBJECT_CONVERSION = YES_AGGRESSIVE;
				CLANG_CXX_LANGUAGE_STANDARD = "gnu++20";
				CLANG_ENABLE_MODULES = YES;
				CLANG_ENABLE_OBJC_ARC = YES;
				CLANG_ENABLE_OBJC_WEAK = YES;
				CLANG_WARN_BLOCK_CAPTURE_AUTORELEASING = YES;
				CLANG_WARN_BOOL_CONVERSION = YES;
				CLANG_WARN_COMMA = YES;
				CLANG_WARN_CONSTANT_CONVERSION = YES;
				CLANG_WARN_DEPRECATED_OBJC_IMPLEMENTATIONS = YES;
				CLANG_WARN_DIRECT_OBJC_ISA_USAGE = YES_ERROR;
				CLANG_WARN_DOCUMENTATION_COMMENTS = YES;
				CLANG_WARN_EMPTY_BODY = YES;
				CLANG_WARN_ENUM_CONVERSION = YES;
				CLANG_WARN_INFINITE_RECURSION = YES;
				CLANG_WARN_INT_CONVERSION = YES;
				CLANG_WARN_NON_LITERAL_NULL_CONVERSION = YES;
				CLANG_WARN_OBJC_IMPLICIT_RETAIN_SELF = YES;
				CLANG_WARN_OBJC_LITERAL_CONVERSION = YES;
				CLANG_WARN_OBJC_ROOT_CLASS = YES_ERROR;
				CLANG_WARN_QUOTED_INCLUDE_IN_FRAMEWORK_HEADER = YES;
				CLANG_WARN_RANGE_LOOP_ANALYSIS = YES;
				CLANG_WARN_STRICT_PROTOTYPES = YES;
				CLANG_WARN_SUSPICIOUS_MOVE = YES;
				CLANG_WARN_UNGUARDED_AVAILABILITY = YES_AGGRESSIVE;
				CLANG_WARN_UNREACHABLE_CODE = YES;
				CLANG_WARN__DUPLICATE_METHOD_MATCH = YES;
				COPY_PHASE_STRIP = NO;
				DEBUG_INFORMATION_FORMAT = dwarf;
				DEVELOPMENT_TEAM = WD8Y64YFTF;
				ENABLE_STRICT_OBJC_MSGSEND = YES;
				ENABLE_TESTABILITY = YES;
				ENABLE_USER_SCRIPT_SANDBOXING = YES;
				GCC_C_LANGUAGE_STANDARD = gnu17;
				GCC_DYNAMIC_NO_PIC = NO;
				GCC_NO_COMMON_BLOCKS = YES;
				GCC_OPTIMIZATION_LEVEL = 0;
				GCC_PREPROCESSOR_DEFINITIONS = (
					"DEBUG=1",
					"$(inherited)",
				);
				GCC_WARN_64_TO_32_BIT_CONVERSION = YES;
				GCC_WARN_ABOUT_RETURN_TYPE = YES_ERROR;
				GCC_WARN_UNDECLARED_SELECTOR = YES;
				GCC_WARN_UNINITIALIZED_AUTOS = YES_AGGRESSIVE;
				GCC_WARN_UNUSED_FUNCTION = YES;
				GCC_WARN_UNUSED_VARIABLE = YES;
				IPHONEOS_DEPLOYMENT_TARGET = 18.4;
				LOCALIZATION_PREFERS_STRING_CATALOGS = YES;
				MTL_ENABLE_DEBUG_INFO = INCLUDE_SOURCE;
				MTL_FAST_MATH = YES;
				ONLY_ACTIVE_ARCH = YES;
				"OTHER_LDFLAGS[arch=*]" = "-ObjC";
				SDKROOT = iphoneos;
				SWIFT_ACTIVE_COMPILATION_CONDITIONS = "DEBUG $(inherited)";
				SWIFT_OPTIMIZATION_LEVEL = "-Onone";
			};
			name = Debug;
		};
		7AE116C32DD8054100BED0F7 /* Release */ = {
			isa = XCBuildConfiguration;
			buildSettings = {
				ALWAYS_SEARCH_USER_PATHS = NO;
				ASSETCATALOG_COMPILER_GENERATE_SWIFT_ASSET_SYMBOL_EXTENSIONS = YES;
				CLANG_ANALYZER_NONNULL = YES;
				CLANG_ANALYZER_NUMBER_OBJECT_CONVERSION = YES_AGGRESSIVE;
				CLANG_CXX_LANGUAGE_STANDARD = "gnu++20";
				CLANG_ENABLE_MODULES = YES;
				CLANG_ENABLE_OBJC_ARC = YES;
				CLANG_ENABLE_OBJC_WEAK = YES;
				CLANG_WARN_BLOCK_CAPTURE_AUTORELEASING = YES;
				CLANG_WARN_BOOL_CONVERSION = YES;
				CLANG_WARN_COMMA = YES;
				CLANG_WARN_CONSTANT_CONVERSION = YES;
				CLANG_WARN_DEPRECATED_OBJC_IMPLEMENTATIONS = YES;
				CLANG_WARN_DIRECT_OBJC_ISA_USAGE = YES_ERROR;
				CLANG_WARN_DOCUMENTATION_COMMENTS = YES;
				CLANG_WARN_EMPTY_BODY = YES;
				CLANG_WARN_ENUM_CONVERSION = YES;
				CLANG_WARN_INFINITE_RECURSION = YES;
				CLANG_WARN_INT_CONVERSION = YES;
				CLANG_WARN_NON_LITERAL_NULL_CONVERSION = YES;
				CLANG_WARN_OBJC_IMPLICIT_RETAIN_SELF = YES;
				CLANG_WARN_OBJC_LITERAL_CONVERSION = YES;
				CLANG_WARN_OBJC_ROOT_CLASS = YES_ERROR;
				CLANG_WARN_QUOTED_INCLUDE_IN_FRAMEWORK_HEADER = YES;
				CLANG_WARN_RANGE_LOOP_ANALYSIS = YES;
				CLANG_WARN_STRICT_PROTOTYPES = YES;
				CLANG_WARN_SUSPICIOUS_MOVE = YES;
				CLANG_WARN_UNGUARDED_AVAILABILITY = YES_AGGRESSIVE;
				CLANG_WARN_UNREACHABLE_CODE = YES;
				CLANG_WARN__DUPLICATE_METHOD_MATCH = YES;
				COPY_PHASE_STRIP = NO;
				DEBUG_INFORMATION_FORMAT = "dwarf-with-dsym";
				DEVELOPMENT_TEAM = WD8Y64YFTF;
				ENABLE_NS_ASSERTIONS = NO;
				ENABLE_STRICT_OBJC_MSGSEND = YES;
				ENABLE_USER_SCRIPT_SANDBOXING = YES;
				GCC_C_LANGUAGE_STANDARD = gnu17;
				GCC_NO_COMMON_BLOCKS = YES;
				GCC_WARN_64_TO_32_BIT_CONVERSION = YES;
				GCC_WARN_ABOUT_RETURN_TYPE = YES_ERROR;
				GCC_WARN_UNDECLARED_SELECTOR = YES;
				GCC_WARN_UNINITIALIZED_AUTOS = YES_AGGRESSIVE;
				GCC_WARN_UNUSED_FUNCTION = YES;
				GCC_WARN_UNUSED_VARIABLE = YES;
				IPHONEOS_DEPLOYMENT_TARGET = 18.4;
				LOCALIZATION_PREFERS_STRING_CATALOGS = YES;
				MTL_ENABLE_DEBUG_INFO = NO;
				MTL_FAST_MATH = YES;
				SDKROOT = iphoneos;
				SWIFT_COMPILATION_MODE = wholemodule;
				VALIDATE_PRODUCT = YES;
			};
			name = Release;
		};
		7AE116C52DD8054100BED0F7 /* Debug */ = {
			isa = XCBuildConfiguration;
			buildSettings = {
				ASSETCATALOG_COMPILER_APPICON_NAME = AppIcon;
				ASSETCATALOG_COMPILER_GLOBAL_ACCENT_COLOR_NAME = AccentColor;
				CODE_SIGN_STYLE = Automatic;
				CURRENT_PROJECT_VERSION = 1;
				DEVELOPMENT_TEAM = WD8Y64YFTF;
				ENABLE_PREVIEWS = YES;
				GENERATE_INFOPLIST_FILE = YES;
				INFOPLIST_FILE = "HealMe-Telemedicine-App/Info.plist";
				INFOPLIST_KEY_CFBundleDisplayName = HealMe;
				INFOPLIST_KEY_UIApplicationSceneManifest_Generation = YES;
				INFOPLIST_KEY_UIApplicationSupportsIndirectInputEvents = YES;
				INFOPLIST_KEY_UILaunchScreen_Generation = YES;
				INFOPLIST_KEY_UISupportedInterfaceOrientations_iPad = "UIInterfaceOrientationPortrait UIInterfaceOrientationPortraitUpsideDown UIInterfaceOrientationLandscapeLeft UIInterfaceOrientationLandscapeRight";
				INFOPLIST_KEY_UISupportedInterfaceOrientations_iPhone = "UIInterfaceOrientationPortrait UIInterfaceOrientationLandscapeLeft UIInterfaceOrientationLandscapeRight";
				LD_RUNPATH_SEARCH_PATHS = (
					"$(inherited)",
					"@executable_path/Frameworks",
				);
				MARKETING_VERSION = 1.0;
				PRODUCT_BUNDLE_IDENTIFIER = "Biblioteca.HealMe-Telemedicine-App";
				PRODUCT_NAME = "$(TARGET_NAME)";
				SWIFT_EMIT_LOC_STRINGS = YES;
				SWIFT_VERSION = 5.0;
				TARGETED_DEVICE_FAMILY = "1,2";
			};
			name = Debug;
		};
		7AE116C62DD8054100BED0F7 /* Release */ = {
			isa = XCBuildConfiguration;
			buildSettings = {
				ASSETCATALOG_COMPILER_APPICON_NAME = AppIcon;
				ASSETCATALOG_COMPILER_GLOBAL_ACCENT_COLOR_NAME = AccentColor;
				CODE_SIGN_STYLE = Automatic;
				CURRENT_PROJECT_VERSION = 1;
				DEVELOPMENT_TEAM = WD8Y64YFTF;
				ENABLE_PREVIEWS = YES;
				GENERATE_INFOPLIST_FILE = YES;
				INFOPLIST_FILE = "HealMe-Telemedicine-App/Info.plist";
				INFOPLIST_KEY_CFBundleDisplayName = HealMe;
				INFOPLIST_KEY_UIApplicationSceneManifest_Generation = YES;
				INFOPLIST_KEY_UIApplicationSupportsIndirectInputEvents = YES;
				INFOPLIST_KEY_UILaunchScreen_Generation = YES;
				INFOPLIST_KEY_UISupportedInterfaceOrientations_iPad = "UIInterfaceOrientationPortrait UIInterfaceOrientationPortraitUpsideDown UIInterfaceOrientationLandscapeLeft UIInterfaceOrientationLandscapeRight";
				INFOPLIST_KEY_UISupportedInterfaceOrientations_iPhone = "UIInterfaceOrientationPortrait UIInterfaceOrientationLandscapeLeft UIInterfaceOrientationLandscapeRight";
				LD_RUNPATH_SEARCH_PATHS = (
					"$(inherited)",
					"@executable_path/Frameworks",
				);
				MARKETING_VERSION = 1.0;
				PRODUCT_BUNDLE_IDENTIFIER = "Biblioteca.HealMe-Telemedicine-App";
				PRODUCT_NAME = "$(TARGET_NAME)";
				SWIFT_EMIT_LOC_STRINGS = YES;
				SWIFT_VERSION = 5.0;
				TARGETED_DEVICE_FAMILY = "1,2";
			};
			name = Release;
		};
/* End XCBuildConfiguration section */

/* Begin XCConfigurationList section */
		7AE116B42DD8053E00BED0F7 /* Build configuration list for PBXProject "HealMe-Telemedicine-App" */ = {
			isa = XCConfigurationList;
			buildConfigurations = (
				7AE116C22DD8054100BED0F7 /* Debug */,
				7AE116C32DD8054100BED0F7 /* Release */,
			);
			defaultConfigurationIsVisible = 0;
			defaultConfigurationName = Release;
		};
		7AE116C42DD8054100BED0F7 /* Build configuration list for PBXNativeTarget "HealMe-Telemedicine-App" */ = {
			isa = XCConfigurationList;
			buildConfigurations = (
				7AE116C52DD8054100BED0F7 /* Debug */,
				7AE116C62DD8054100BED0F7 /* Release */,
			);
			defaultConfigurationIsVisible = 0;
			defaultConfigurationName = Release;
		};
/* End XCConfigurationList section */

/* Begin XCRemoteSwiftPackageReference section */
		7A89B2242DD89B36006B0241 /* XCRemoteSwiftPackageReference "ChartView" */ = {
			isa = XCRemoteSwiftPackageReference;
			repositoryURL = "https://github.com/AppPear/ChartView";
			requirement = {
				kind = upToNextMinorVersion;
				minimumVersion = 1.5.5;
			};
		};
		7ADF15282DDB1E4A002ED00A /* XCRemoteSwiftPackageReference "AgoraRtcEngine_iOS" */ = {
			isa = XCRemoteSwiftPackageReference;
			repositoryURL = "https://github.com/AgoraIO/AgoraRtcEngine_iOS";
			requirement = {
				kind = upToNextMajorVersion;
				minimumVersion = 4.5.2;
			};
		};
		7AE116CB2DD80AA400BED0F7 /* XCRemoteSwiftPackageReference "firebase-ios-sdk" */ = {
			isa = XCRemoteSwiftPackageReference;
			repositoryURL = "https://github.com/firebase/firebase-ios-sdk";
			requirement = {
				kind = upToNextMajorVersion;
				minimumVersion = 11.12.0;
			};
		};
/* End XCRemoteSwiftPackageReference section */

/* Begin XCSwiftPackageProductDependency section */
		7A89B2252DD89B36006B0241 /* SwiftUICharts */ = {
			isa = XCSwiftPackageProductDependency;
			package = 7A89B2242DD89B36006B0241 /* XCRemoteSwiftPackageReference "ChartView" */;
			productName = SwiftUICharts;
		};
		7AC0EB572DDCF3F60093331D /* FirebaseMessaging */ = {
			isa = XCSwiftPackageProductDependency;
			package = 7AE116CB2DD80AA400BED0F7 /* XCRemoteSwiftPackageReference "firebase-ios-sdk" */;
			productName = FirebaseMessaging;
		};
		7ADF15292DDB1E4A002ED00A /* AIAEC */ = {
			isa = XCSwiftPackageProductDependency;
			package = 7ADF15282DDB1E4A002ED00A /* XCRemoteSwiftPackageReference "AgoraRtcEngine_iOS" */;
			productName = AIAEC;
		};
		7ADF152B2DDB1E4A002ED00A /* AIAECLL */ = {
			isa = XCSwiftPackageProductDependency;
			package = 7ADF15282DDB1E4A002ED00A /* XCRemoteSwiftPackageReference "AgoraRtcEngine_iOS" */;
			productName = AIAECLL;
		};
		7ADF152D2DDB1E4A002ED00A /* AINS */ = {
			isa = XCSwiftPackageProductDependency;
			package = 7ADF15282DDB1E4A002ED00A /* XCRemoteSwiftPackageReference "AgoraRtcEngine_iOS" */;
			productName = AINS;
		};
		7ADF152F2DDB1E4A002ED00A /* AINSLL */ = {
			isa = XCSwiftPackageProductDependency;
			package = 7ADF15282DDB1E4A002ED00A /* XCRemoteSwiftPackageReference "AgoraRtcEngine_iOS" */;
			productName = AINSLL;
		};
		7ADF15312DDB1E4A002ED00A /* AudioBeauty */ = {
			isa = XCSwiftPackageProductDependency;
			package = 7ADF15282DDB1E4A002ED00A /* XCRemoteSwiftPackageReference "AgoraRtcEngine_iOS" */;
			productName = AudioBeauty;
		};
		7ADF15332DDB1E4A002ED00A /* ClearVision */ = {
			isa = XCSwiftPackageProductDependency;
			package = 7ADF15282DDB1E4A002ED00A /* XCRemoteSwiftPackageReference "AgoraRtcEngine_iOS" */;
			productName = ClearVision;
		};
		7ADF15352DDB1E4A002ED00A /* ContentInspect */ = {
			isa = XCSwiftPackageProductDependency;
			package = 7ADF15282DDB1E4A002ED00A /* XCRemoteSwiftPackageReference "AgoraRtcEngine_iOS" */;
			productName = ContentInspect;
		};
		7ADF15372DDB1E4A002ED00A /* FaceCapture */ = {
			isa = XCSwiftPackageProductDependency;
			package = 7ADF15282DDB1E4A002ED00A /* XCRemoteSwiftPackageReference "AgoraRtcEngine_iOS" */;
			productName = FaceCapture;
		};
		7ADF15392DDB1E4A002ED00A /* FaceDetection */ = {
			isa = XCSwiftPackageProductDependency;
			package = 7ADF15282DDB1E4A002ED00A /* XCRemoteSwiftPackageReference "AgoraRtcEngine_iOS" */;
			productName = FaceDetection;
		};
		7ADF153B2DDB1E4A002ED00A /* LipSync */ = {
			isa = XCSwiftPackageProductDependency;
			package = 7ADF15282DDB1E4A002ED00A /* XCRemoteSwiftPackageReference "AgoraRtcEngine_iOS" */;
			productName = LipSync;
		};
		7ADF153D2DDB1E4A002ED00A /* ReplayKit */ = {
			isa = XCSwiftPackageProductDependency;
			package = 7ADF15282DDB1E4A002ED00A /* XCRemoteSwiftPackageReference "AgoraRtcEngine_iOS" */;
			productName = ReplayKit;
		};
		7ADF153F2DDB1E4A002ED00A /* RtcBasic */ = {
			isa = XCSwiftPackageProductDependency;
			package = 7ADF15282DDB1E4A002ED00A /* XCRemoteSwiftPackageReference "AgoraRtcEngine_iOS" */;
			productName = RtcBasic;
		};
		7ADF15412DDB1E4A002ED00A /* SpatialAudio */ = {
			isa = XCSwiftPackageProductDependency;
			package = 7ADF15282DDB1E4A002ED00A /* XCRemoteSwiftPackageReference "AgoraRtcEngine_iOS" */;
			productName = SpatialAudio;
		};
		7ADF15432DDB1E4A002ED00A /* VQA */ = {
			isa = XCSwiftPackageProductDependency;
			package = 7ADF15282DDB1E4A002ED00A /* XCRemoteSwiftPackageReference "AgoraRtcEngine_iOS" */;
			productName = VQA;
		};
		7ADF15452DDB1E4A002ED00A /* VideoAv1CodecDec */ = {
			isa = XCSwiftPackageProductDependency;
			package = 7ADF15282DDB1E4A002ED00A /* XCRemoteSwiftPackageReference "AgoraRtcEngine_iOS" */;
			productName = VideoAv1CodecDec;
		};
		7ADF15472DDB1E4A002ED00A /* VideoAv1CodecEnc */ = {
			isa = XCSwiftPackageProductDependency;
			package = 7ADF15282DDB1E4A002ED00A /* XCRemoteSwiftPackageReference "AgoraRtcEngine_iOS" */;
			productName = VideoAv1CodecEnc;
		};
		7ADF15492DDB1E4A002ED00A /* VideoCodecDec */ = {
			isa = XCSwiftPackageProductDependency;
			package = 7ADF15282DDB1E4A002ED00A /* XCRemoteSwiftPackageReference "AgoraRtcEngine_iOS" */;
			productName = VideoCodecDec;
		};
		7ADF154B2DDB1E4A002ED00A /* VideoCodecEnc */ = {
			isa = XCSwiftPackageProductDependency;
			package = 7ADF15282DDB1E4A002ED00A /* XCRemoteSwiftPackageReference "AgoraRtcEngine_iOS" */;
			productName = VideoCodecEnc;
		};
		7ADF154D2DDB1E4A002ED00A /* VirtualBackground */ = {
			isa = XCSwiftPackageProductDependency;
			package = 7ADF15282DDB1E4A002ED00A /* XCRemoteSwiftPackageReference "AgoraRtcEngine_iOS" */;
			productName = VirtualBackground;
		};
		7ADF15552DDBD2CF002ED00A /* FirebaseVertexAI */ = {
			isa = XCSwiftPackageProductDependency;
			package = 7AE116CB2DD80AA400BED0F7 /* XCRemoteSwiftPackageReference "firebase-ios-sdk" */;
			productName = FirebaseVertexAI;
		};
		7AE116CC2DD80CCE00BED0F7 /* FirebaseAuth */ = {
			isa = XCSwiftPackageProductDependency;
			package = 7AE116CB2DD80AA400BED0F7 /* XCRemoteSwiftPackageReference "firebase-ios-sdk" */;
			productName = FirebaseAuth;
		};
		7AE116CE2DD80CCE00BED0F7 /* FirebaseCore */ = {
			isa = XCSwiftPackageProductDependency;
			package = 7AE116CB2DD80AA400BED0F7 /* XCRemoteSwiftPackageReference "firebase-ios-sdk" */;
			productName = FirebaseCore;
		};
		7AE116D02DD80CCE00BED0F7 /* FirebaseDatabase */ = {
			isa = XCSwiftPackageProductDependency;
			package = 7AE116CB2DD80AA400BED0F7 /* XCRemoteSwiftPackageReference "firebase-ios-sdk" */;
			productName = FirebaseDatabase;
		};
		7AE116D22DD80CCE00BED0F7 /* FirebaseFirestore */ = {
			isa = XCSwiftPackageProductDependency;
			package = 7AE116CB2DD80AA400BED0F7 /* XCRemoteSwiftPackageReference "firebase-ios-sdk" */;
			productName = FirebaseFirestore;
		};
		7AE116D42DD80CCE00BED0F7 /* FirebaseFunctions */ = {
			isa = XCSwiftPackageProductDependency;
			package = 7AE116CB2DD80AA400BED0F7 /* XCRemoteSwiftPackageReference "firebase-ios-sdk" */;
			productName = FirebaseFunctions;
		};
		7AE116D62DD80CCE00BED0F7 /* FirebaseRemoteConfig */ = {
			isa = XCSwiftPackageProductDependency;
			package = 7AE116CB2DD80AA400BED0F7 /* XCRemoteSwiftPackageReference "firebase-ios-sdk" */;
			productName = FirebaseRemoteConfig;
		};
		7AE116D82DD80CCE00BED0F7 /* FirebaseStorage */ = {
			isa = XCSwiftPackageProductDependency;
			package = 7AE116CB2DD80AA400BED0F7 /* XCRemoteSwiftPackageReference "firebase-ios-sdk" */;
			productName = FirebaseStorage;
		};
/* End XCSwiftPackageProductDependency section */
	};
	rootObject = 7AE116B12DD8053E00BED0F7 /* Project object */;
}
